// !$*UTF8*$!
{
	archiveVersion = 1;
	classes = {
	};
	objectVersion = 46;
	objects = {

/* Begin PBXBuildFile section */
		BCB5C5821B4BD896000D54BC /* main.m in Sources */ = {isa = PBXBuildFile; fileRef = BCB5C5811B4BD896000D54BC /* main.m */; };
		BCB5C5851B4BD896000D54BC /* AppDelegate.m in Sources */ = {isa = PBXBuildFile; fileRef = BCB5C5841B4BD896000D54BC /* AppDelegate.m */; };
		BCB5C5881B4BD896000D54BC /* ViewController.m in Sources */ = {isa = PBXBuildFile; fileRef = BCB5C5871B4BD896000D54BC /* ViewController.m */; };
		BCB5C58B1B4BD896000D54BC /* Main.storyboard in Resources */ = {isa = PBXBuildFile; fileRef = BCB5C5891B4BD896000D54BC /* Main.storyboard */; };
		BCB5C58D1B4BD896000D54BC /* Images.xcassets in Resources */ = {isa = PBXBuildFile; fileRef = BCB5C58C1B4BD896000D54BC /* Images.xcassets */; };
		BCB5C5901B4BD896000D54BC /* LaunchScreen.xib in Resources */ = {isa = PBXBuildFile; fileRef = BCB5C58E1B4BD896000D54BC /* LaunchScreen.xib */; };
		BCB5C59C1B4BD896000D54BC /* hhTests.m in Sources */ = {isa = PBXBuildFile; fileRef = BCB5C59B1B4BD896000D54BC /* hhTests.m */; };
/* End PBXBuildFile section */

/* Begin PBXContainerItemProxy section */
		BCB5C5961B4BD896000D54BC /* PBXContainerItemProxy */ = {
			isa = PBXContainerItemProxy;
			containerPortal = BCB5C5741B4BD896000D54BC /* Project object */;
			proxyType = 1;
			remoteGlobalIDString = BCB5C57B1B4BD896000D54BC;
			remoteInfo = hh;
		};
/* End PBXContainerItemProxy section */

/* Begin PBXFileReference section */
		BCB5C57C1B4BD896000D54BC /* hh.app */ = {isa = PBXFileReference; explicitFileType = wrapper.application; includeInIndex = 0; path = hh.app; sourceTree = BUILT_PRODUCTS_DIR; };
		BCB5C5801B4BD896000D54BC /* Info.plist */ = {isa = PBXFileReference; lastKnownFileType = text.plist.xml; path = Info.plist; sourceTree = "<group>"; };
		BCB5C5811B4BD896000D54BC /* main.m */ = {isa = PBXFileReference; lastKnownFileType = sourcecode.c.objc; path = main.m; sourceTree = "<group>"; };
		BCB5C5831B4BD896000D54BC /* AppDelegate.h */ = {isa = PBXFileReference; lastKnownFileType = sourcecode.c.h; path = AppDelegate.h; sourceTree = "<group>"; };
		BCB5C5841B4BD896000D54BC /* AppDelegate.m */ = {isa = PBXFileReference; lastKnownFileType = sourcecode.c.objc; path = AppDelegate.m; sourceTree = "<group>"; };
		BCB5C5861B4BD896000D54BC /* ViewController.h */ = {isa = PBXFileReference; lastKnownFileType = sourcecode.c.h; path = ViewController.h; sourceTree = "<group>"; };
		BCB5C5871B4BD896000D54BC /* ViewController.m */ = {isa = PBXFileReference; lastKnownFileType = sourcecode.c.objc; path = ViewController.m; sourceTree = "<group>"; };
		BCB5C58A1B4BD896000D54BC /* Base */ = {isa = PBXFileReference; lastKnownFileType = file.storyboard; name = Base; path = Base.lproj/Main.storyboard; sourceTree = "<group>"; };
		BCB5C58C1B4BD896000D54BC /* Images.xcassets */ = {isa = PBXFileReference; lastKnownFileType = folder.assetcatalog; path = Images.xcassets; sourceTree = "<group>"; };
		BCB5C58F1B4BD896000D54BC /* Base */ = {isa = PBXFileReference; lastKnownFileType = file.xib; name = Base; path = Base.lproj/LaunchScreen.xib; sourceTree = "<group>"; };
		BCB5C5951B4BD896000D54BC /* hhTests.xctest */ = {isa = PBXFileReference; explicitFileType = wrapper.cfbundle; includeInIndex = 0; path = hhTests.xctest; sourceTree = BUILT_PRODUCTS_DIR; };
		BCB5C59A1B4BD896000D54BC /* Info.plist */ = {isa = PBXFileReference; lastKnownFileType = text.plist.xml; path = Info.plist; sourceTree = "<group>"; };
		BCB5C59B1B4BD896000D54BC /* hhTests.m */ = {isa = PBXFileReference; lastKnownFileType = sourcecode.c.objc; path = hhTests.m; sourceTree = "<group>"; };
/* End PBXFileReference section */

/* Begin PBXFrameworksBuildPhase section */
		BCB5C5791B4BD896000D54BC /* Frameworks */ = {
			isa = PBXFrameworksBuildPhase;
			buildActionMask = 2147483647;
			files = (
			);
			runOnlyForDeploymentPostprocessing = 0;
		};
		BCB5C5921B4BD896000D54BC /* Frameworks */ = {
			isa = PBXFrameworksBuildPhase;
			buildActionMask = 2147483647;
			files = (
			);
			runOnlyForDeploymentPostprocessing = 0;
		};
/* End PBXFrameworksBuildPhase section */

/* Begin PBXGroup section */
		BCB5C5731B4BD896000D54BC = {
			isa = PBXGroup;
			children = (
				BCB5C57E1B4BD896000D54BC /* hh */,
				BCB5C5981B4BD896000D54BC /* hhTests */,
				BCB5C57D1B4BD896000D54BC /* Products */,
			);
			sourceTree = "<group>";
		};
		BCB5C57D1B4BD896000D54BC /* Products */ = {
			isa = PBXGroup;
			children = (
				BCB5C57C1B4BD896000D54BC /* hh.app */,
				BCB5C5951B4BD896000D54BC /* hhTests.xctest */,
			);
			name = Products;
			sourceTree = "<group>";
		};
		BCB5C57E1B4BD896000D54BC /* hh */ = {
			isa = PBXGroup;
			children = (
				BCB5C5831B4BD896000D54BC /* AppDelegate.h */,
				BCB5C5841B4BD896000D54BC /* AppDelegate.m */,
				BCB5C5861B4BD896000D54BC /* ViewController.h */,
				BCB5C5871B4BD896000D54BC /* ViewController.m */,
				BCB5C5891B4BD896000D54BC /* Main.storyboard */,
				BCB5C58C1B4BD896000D54BC /* Images.xcassets */,
				BCB5C58E1B4BD896000D54BC /* LaunchScreen.xib */,
				BCB5C57F1B4BD896000D54BC /* Supporting Files */,
			);
			path = hh;
			sourceTree = "<group>";
		};
		BCB5C57F1B4BD896000D54BC /* Supporting Files */ = {
			isa = PBXGroup;
			children = (
				BCB5C5801B4BD896000D54BC /* Info.plist */,
				BCB5C5811B4BD896000D54BC /* main.m */,
			);
			name = "Supporting Files";
			sourceTree = "<group>";
		};
		BCB5C5981B4BD896000D54BC /* hhTests */ = {
			isa = PBXGroup;
			children = (
				BCB5C59B1B4BD896000D54BC /* hhTests.m */,
				BCB5C5991B4BD896000D54BC /* Supporting Files */,
			);
			path = hhTests;
			sourceTree = "<group>";
		};
		BCB5C5991B4BD896000D54BC /* Supporting Files */ = {
			isa = PBXGroup;
			children = (
				BCB5C59A1B4BD896000D54BC /* Info.plist */,
			);
			name = "Supporting Files";
			sourceTree = "<group>";
		};
/* End PBXGroup section */

/* Begin PBXNativeTarget section */
		BCB5C57B1B4BD896000D54BC /* hh */ = {
			isa = PBXNativeTarget;
			buildConfigurationList = BCB5C59F1B4BD896000D54BC /* Build configuration list for PBXNativeTarget "hh" */;
			buildPhases = (
				BCB5C5781B4BD896000D54BC /* Sources */,
				BCB5C5791B4BD896000D54BC /* Frameworks */,
				BCB5C57A1B4BD896000D54BC /* Resources */,
			);
			buildRules = (
			);
			dependencies = (
			);
			name = hh;
			productName = hh;
			productReference = BCB5C57C1B4BD896000D54BC /* hh.app */;
			productType = "com.apple.product-type.application";
		};
		BCB5C5941B4BD896000D54BC /* hhTests */ = {
			isa = PBXNativeTarget;
			buildConfigurationList = BCB5C5A21B4BD896000D54BC /* Build configuration list for PBXNativeTarget "hhTests" */;
			buildPhases = (
				BCB5C5911B4BD896000D54BC /* Sources */,
				BCB5C5921B4BD896000D54BC /* Frameworks */,
				BCB5C5931B4BD896000D54BC /* Resources */,
			);
			buildRules = (
			);
			dependencies = (
				BCB5C5971B4BD896000D54BC /* PBXTargetDependency */,
			);
			name = hhTests;
			productName = hhTests;
			productReference = BCB5C5951B4BD896000D54BC /* hhTests.xctest */;
			productType = "com.apple.product-type.bundle.unit-test";
		};
/* End PBXNativeTarget section */

/* Begin PBXProject section */
		BCB5C5741B4BD896000D54BC /* Project object */ = {
			isa = PBXProject;
			attributes = {
				LastUpgradeCheck = 0630;
				ORGANIZATIONNAME = liang;
				TargetAttributes = {
					BCB5C57B1B4BD896000D54BC = {
						CreatedOnToolsVersion = 6.3.2;
					};
					BCB5C5941B4BD896000D54BC = {
						CreatedOnToolsVersion = 6.3.2;
						TestTargetID = BCB5C57B1B4BD896000D54BC;
					};
				};
			};
			buildConfigurationList = BCB5C5771B4BD896000D54BC /* Build configuration list for PBXProject "hh" */;
			compatibilityVersion = "Xcode 3.2";
			developmentRegion = English;
			hasScannedForEncodings = 0;
			knownRegions = (
				en,
				Base,
			);
			mainGroup = BCB5C5731B4BD896000D54BC;
			productRefGroup = BCB5C57D1B4BD896000D54BC /* Products */;
			projectDirPath = "";
			projectRoot = "";
			targets = (
				BCB5C57B1B4BD896000D54BC /* hh */,
				BCB5C5941B4BD896000D54BC /* hhTests */,
			);
		};
/* End PBXProject section */

/* Begin PBXResourcesBuildPhase section */
		BCB5C57A1B4BD896000D54BC /* Resources */ = {
			isa = PBXResourcesBuildPhase;
			buildActionMask = 2147483647;
			files = (
				BCB5C58B1B4BD896000D54BC /* Main.storyboard in Resources */,
				BCB5C5901B4BD896000D54BC /* LaunchScreen.xib in Resources */,
				BCB5C58D1B4BD896000D54BC /* Images.xcassets in Resources */,
			);
			runOnlyForDeploymentPostprocessing = 0;
		};
		BCB5C5931B4BD896000D54BC /* Resources */ = {
			isa = PBXResourcesBuildPhase;
			buildActionMask = 2147483647;
			files = (
			);
			runOnlyForDeploymentPostprocessing = 0;
		};
/* End PBXResourcesBuildPhase section */

/* Begin PBXSourcesBuildPhase section */
		BCB5C5781B4BD896000D54BC /* Sources */ = {
			isa = PBXSourcesBuildPhase;
			buildActionMask = 2147483647;
			files = (
				BCB5C5881B4BD896000D54BC /* ViewController.m in Sources */,
				BCB5C5851B4BD896000D54BC /* AppDelegate.m in Sources */,
				BCB5C5821B4BD896000D54BC /* main.m in Sources */,
			);
			runOnlyForDeploymentPostprocessing = 0;
		};
		BCB5C5911B4BD896000D54BC /* Sources */ = {
			isa = PBXSourcesBuildPhase;
			buildActionMask = 2147483647;
			files = (
				BCB5C59C1B4BD896000D54BC /* hhTests.m in Sources */,
			);
			runOnlyForDeploymentPostprocessing = 0;
		};
/* End PBXSourcesBuildPhase section */

/* Begin PBXTargetDependency section */
		BCB5C5971B4BD896000D54BC /* PBXTargetDependency */ = {
			isa = PBXTargetDependency;
			target = BCB5C57B1B4BD896000D54BC /* hh */;
			targetProxy = BCB5C5961B4BD896000D54BC /* PBXContainerItemProxy */;
		};
/* End PBXTargetDependency section */

/* Begin PBXVariantGroup section */
		BCB5C5891B4BD896000D54BC /* Main.storyboard */ = {
			isa = PBXVariantGroup;
			children = (
				BCB5C58A1B4BD896000D54BC /* Base */,
			);
			name = Main.storyboard;
			sourceTree = "<group>";
		};
		BCB5C58E1B4BD896000D54BC /* LaunchScreen.xib */ = {
			isa = PBXVariantGroup;
			children = (
				BCB5C58F1B4BD896000D54BC /* Base */,
			);
			name = LaunchScreen.xib;
			sourceTree = "<group>";
		};
/* End PBXVariantGroup section */

/* Begin XCBuildConfiguration section */
		BCB5C59D1B4BD896000D54BC /* Debug */ = {
			isa = XCBuildConfiguration;
			buildSettings = {
				ALWAYS_SEARCH_USER_PATHS = NO;
				CLANG_CXX_LANGUAGE_STANDARD = "gnu++0x";
				CLANG_CXX_LIBRARY = "libc++";
				CLANG_ENABLE_MODULES = YES;
				CLANG_ENABLE_OBJC_ARC = YES;
				CLANG_WARN_BOOL_CONVERSION = YES;
				CLANG_WARN_CONSTANT_CONVERSION = YES;
				CLANG_WARN_DIRECT_OBJC_ISA_USAGE = YES_ERROR;
				CLANG_WARN_EMPTY_BODY = YES;
				CLANG_WARN_ENUM_CONVERSION = YES;
				CLANG_WARN_INT_CONVERSION = YES;
				CLANG_WARN_OBJC_ROOT_CLASS = YES_ERROR;
				CLANG_WARN_UNREACHABLE_CODE = YES;
				CLANG_WARN__DUPLICATE_METHOD_MATCH = YES;
				"CODE_SIGN_IDENTITY[sdk=iphoneos*]" = "iPhone Developer";
				COPY_PHASE_STRIP = NO;
				DEBUG_INFORMATION_FORMAT = "dwarf-with-dsym";
				ENABLE_STRICT_OBJC_MSGSEND = YES;
				GCC_C_LANGUAGE_STANDARD = gnu99;
				GCC_DYNAMIC_NO_PIC = NO;
				GCC_NO_COMMON_BLOCKS = YES;
				GCC_OPTIMIZATION_LEVEL = 0;
				GCC_PREPROCESSOR_DEFINITIONS = (
					"DEBUG=1",
					"$(inherited)",
				);
				GCC_SYMBOLS_PRIVATE_EXTERN = NO;
				GCC_WARN_64_TO_32_BIT_CONVERSION = YES;
				GCC_WARN_ABOUT_RETURN_TYPE = YES_ERROR;
				GCC_WARN_UNDECLARED_SELECTOR = YES;
				GCC_WARN_UNINITIALIZED_AUTOS = YES_AGGRESSIVE;
				GCC_WARN_UNUSED_FUNCTION = YES;
				GCC_WARN_UNUSED_VARIABLE = YES;
				IPHONEOS_DEPLOYMENT_TARGET = 8.3;
				MTL_ENABLE_DEBUG_INFO = YES;
				ONLY_ACTIVE_ARCH = YES;
				SDKROOT = iphoneos;
				TARGETED_DEVICE_FAMILY = "1,2";
			};
			name = Debug;
		};
		BCB5C59E1B4BD896000D54BC /* Release */ = {
			isa = XCBuildConfiguration;
			buildSettings = {
				ALWAYS_SEARCH_USER_PATHS = NO;
				CLANG_CXX_LANGUAGE_STANDARD = "gnu++0x";
				CLANG_CXX_LIBRARY = "libc++";
				CLANG_ENABLE_MODULES = YES;
				CLANG_ENABLE_OBJC_ARC = YES;
				CLANG_WARN_BOOL_CONVERSION = YES;
				CLANG_WARN_CONSTANT_CONVERSION = YES;
				CLANG_WARN_DIRECT_OBJC_ISA_USAGE = YES_ERROR;
				CLANG_WARN_EMPTY_BODY = YES;
				CLANG_WARN_ENUM_CONVERSION = YES;
				CLANG_WARN_INT_CONVERSION = YES;
				CLANG_WARN_OBJC_ROOT_CLASS = YES_ERROR;
				CLANG_WARN_UNREACHABLE_CODE = YES;
				CLANG_WARN__DUPLICATE_METHOD_MATCH = YES;
				"CODE_SIGN_IDENTITY[sdk=iphoneos*]" = "iPhone Developer";
				COPY_PHASE_STRIP = NO;
				DEBUG_INFORMATION_FORMAT = "dwarf-with-dsym";
				ENABLE_NS_ASSERTIONS = NO;
				ENABLE_STRICT_OBJC_MSGSEND = YES;
				GCC_C_LANGUAGE_STANDARD = gnu99;
				GCC_NO_COMMON_BLOCKS = YES;
				GCC_WARN_64_TO_32_BIT_CONVERSION = YES;
				GCC_WARN_ABOUT_RETURN_TYPE = YES_ERROR;
				GCC_WARN_UNDECLARED_SELECTOR = YES;
				GCC_WARN_UNINITIALIZED_AUTOS = YES_AGGRESSIVE;
				GCC_WARN_UNUSED_FUNCTION = YES;
				GCC_WARN_UNUSED_VARIABLE = YES;
				IPHONEOS_DEPLOYMENT_TARGET = 8.3;
				MTL_ENABLE_DEBUG_INFO = NO;
				SDKROOT = iphoneos;
				TARGETED_DEVICE_FAMILY = "1,2";
				VALIDATE_PRODUCT = YES;
			};
			name = Release;
		};
		BCB5C5A01B4BD896000D54BC /* Debug */ = {
			isa = XCBuildConfiguration;
			buildSettings = {
				ASSETCATALOG_COMPILER_APPICON_NAME = AppIcon;
				INFOPLIST_FILE = hh/Info.plist;
				LD_RUNPATH_SEARCH_PATHS = "$(inherited) @executable_path/Frameworks";
				PRODUCT_NAME = "$(TARGET_NAME)";
			};
			name = Debug;
		};
		BCB5C5A11B4BD896000D54BC /* Release */ = {
			isa = XCBuildConfiguration;
			buildSettings = {
				ASSETCATALOG_COMPILER_APPICON_NAME = AppIcon;
				INFOPLIST_FILE = hh/Info.plist;
				LD_RUNPATH_SEARCH_PATHS = "$(inherited) @executable_path/Frameworks";
				PRODUCT_NAME = "$(TARGET_NAME)";
			};
			name = Release;
		};
		BCB5C5A31B4BD896000D54BC /* Debug */ = {
			isa = XCBuildConfiguration;
			buildSettings = {
				BUNDLE_LOADER = "$(TEST_HOST)";
				FRAMEWORK_SEARCH_PATHS = (
					"$(SDKROOT)/Developer/Library/Frameworks",
					"$(inherited)",
				);
				GCC_PREPROCESSOR_DEFINITIONS = (
					"DEBUG=1",
					"$(inherited)",
				);
				INFOPLIST_FILE = hhTests/Info.plist;
				LD_RUNPATH_SEARCH_PATHS = "$(inherited) @executable_path/Frameworks @loader_path/Frameworks";
				PRODUCT_NAME = "$(TARGET_NAME)";
				TEST_HOST = "$(BUILT_PRODUCTS_DIR)/hh.app/hh";
			};
			name = Debug;
		};
		BCB5C5A41B4BD896000D54BC /* Release */ = {
			isa = XCBuildConfiguration;
			buildSettings = {
				BUNDLE_LOADER = "$(TEST_HOST)";
				FRAMEWORK_SEARCH_PATHS = (
					"$(SDKROOT)/Developer/Library/Frameworks",
					"$(inherited)",
				);
				INFOPLIST_FILE = hhTests/Info.plist;
				LD_RUNPATH_SEARCH_PATHS = "$(inherited) @executable_path/Frameworks @loader_path/Frameworks";
				PRODUCT_NAME = "$(TARGET_NAME)";
				TEST_HOST = "$(BUILT_PRODUCTS_DIR)/hh.app/hh";
			};
			name = Release;
		};
/* End XCBuildConfiguration section */

/* Begin XCConfigurationList section */
		BCB5C5771B4BD896000D54BC /* Build configuration list for PBXProject "hh" */ = {
			isa = XCConfigurationList;
			buildConfigurations = (
				BCB5C59D1B4BD896000D54BC /* Debug */,
				BCB5C59E1B4BD896000D54BC /* Release */,
			);
			defaultConfigurationIsVisible = 0;
			defaultConfigurationName = Release;
		};
		BCB5C59F1B4BD896000D54BC /* Build configuration list for PBXNativeTarget "hh" */ = {
			isa = XCConfigurationList;
			buildConfigurations = (
				BCB5C5A01B4BD896000D54BC /* Debug */,
				BCB5C5A11B4BD896000D54BC /* Release */,
			);
			defaultConfigurationIsVisible = 0;
		};
		BCB5C5A21B4BD896000D54BC /* Build configuration list for PBXNativeTarget "hhTests" */ = {
			isa = XCConfigurationList;
			buildConfigurations = (
				BCB5C5A31B4BD896000D54BC /* Debug */,
				BCB5C5A41B4BD896000D54BC /* Release */,
			);
			defaultConfigurationIsVisible = 0;
		};
/* End XCConfigurationList section */
	};
	rootObject = BCB5C5741B4BD896000D54BC /* Project object */;
}
